
Microsoft Visual Studio Solution File, Format Version 12.00
# Visual Studio Version 16
VisualStudioVersion = 16.0.30517.126
MinimumVisualStudioVersion = 10.0.40219.1
Project("{FAE04EC0-301F-11D3-BF4B-00C04F79EFBC}") = "FitnessAppAPI", "FitnessAppAPI\FitnessAppAPI.csproj", "{8D9CCD24-9A71-4D1A-B919-8A6D1A7ACA61}"
EndProject
Global
	GlobalSection(SolutionConfigurationPlatforms) = preSolution
		Debug|Any CPU = Debug|Any CPU
		Release|Any CPU = Release|Any CPU
	EndGlobalSection
	GlobalSection(ProjectConfigurationPlatforms) = postSolution
		{8D9CCD24-9A71-4D1A-B919-8A6D1A7ACA61}.Debug|Any CPU.ActiveCfg = Debug|Any CPU
		{8D9CCD24-9A71-4D1A-B919-8A6D1A7ACA61}.Debug|Any CPU.Build.0 = Debug|Any CPU
		{8D9CCD24-9A71-4D1A-B919-8A6D1A7ACA61}.Release|Any CPU.ActiveCfg = Release|Any CPU
		{8D9CCD24-9A71-4D1A-B919-8A6D1A7ACA61}.Release|Any CPU.Build.0 = Release|Any CPU
	EndGlobalSection
	GlobalSection(SolutionProperties) = preSolution
		HideSolutionNode = FALSE
	EndGlobalSection
	GlobalSection(ExtensibilityGlobals) = postSolution
		SolutionGuid = {27F66CB9-1C5E-4969-BEC3-711DF2D8EDBF}
	EndGlobalSection
EndGlobal
